// !$*UTF8*$!
{
	archiveVersion = 1;
	classes = {
	};
	objectVersion = 56;
	objects = {

/* Begin PBXBuildFile section */
		281266C62AA22A1D0062170B /* littleLemonApp.swift in Sources */ = {isa = PBXBuildFile; fileRef = 281266C52AA22A1D0062170B /* littleLemonApp.swift */; };
		281266C82AA22A1D0062170B /* ContentView.swift in Sources */ = {isa = PBXBuildFile; fileRef = 281266C72AA22A1D0062170B /* ContentView.swift */; };
		281266CA2AA22A1E0062170B /* Assets.xcassets in Resources */ = {isa = PBXBuildFile; fileRef = 281266C92AA22A1E0062170B /* Assets.xcassets */; };
		281266CD2AA22A1E0062170B /* Preview Assets.xcassets in Resources */ = {isa = PBXBuildFile; fileRef = 281266CC2AA22A1E0062170B /* Preview Assets.xcassets */; };
		281266DB2AA25E5B0062170B /* Onboarding.swift in Sources */ = {isa = PBXBuildFile; fileRef = 281266DA2AA25E5B0062170B /* Onboarding.swift */; };
		286889E32ABD8FE800EFE949 /* DetailView.swift in Sources */ = {isa = PBXBuildFile; fileRef = 286889E22ABD8FE800EFE949 /* DetailView.swift */; };
		288DE0A32ABB61EC00E46457 /* UserProfile.swift in Sources */ = {isa = PBXBuildFile; fileRef = 288DE0A22ABB61EC00E46457 /* UserProfile.swift */; };
		288DE0A72ABB877F00E46457 /* Persistence.swift in Sources */ = {isa = PBXBuildFile; fileRef = 288DE0A52ABB877F00E46457 /* Persistence.swift */; };
		288DE0A82ABB877F00E46457 /* FetchedObjects.swift in Sources */ = {isa = PBXBuildFile; fileRef = 288DE0A62ABB877F00E46457 /* FetchedObjects.swift */; };
		288DE0AD2ABB8A4300E46457 /* MenuList.swift in Sources */ = {isa = PBXBuildFile; fileRef = 288DE0AC2ABB8A4300E46457 /* MenuList.swift */; };
		288DE0AF2ABB8A4C00E46457 /* MenuItem.swift in Sources */ = {isa = PBXBuildFile; fileRef = 288DE0AE2ABB8A4C00E46457 /* MenuItem.swift */; };
		288DE0B22ABB8F8B00E46457 /* ExampleDatabase.xcdatamodeld in Sources */ = {isa = PBXBuildFile; fileRef = 288DE0B02ABB8F8B00E46457 /* ExampleDatabase.xcdatamodeld */; };
		289071552ABCD28000EBA72F /* Color+Extension.swift in Sources */ = {isa = PBXBuildFile; fileRef = 289071542ABCD28000EBA72F /* Color+Extension.swift */; };
		289071582ABCF6E200EBA72F /* DishRow.swift in Sources */ = {isa = PBXBuildFile; fileRef = 289071572ABCF6E200EBA72F /* DishRow.swift */; };
		28A8E9F42ABB9D6D0058F6CF /* LLError.swift in Sources */ = {isa = PBXBuildFile; fileRef = 28A8E9F32ABB9D6D0058F6CF /* LLError.swift */; };
		28C5CE072ABC4750006D92D3 /* Dish+Extension.swift in Sources */ = {isa = PBXBuildFile; fileRef = 28C5CE062ABC4750006D92D3 /* Dish+Extension.swift */; };
		28D47CF02AA7B4B4008F3DB8 /* Home.swift in Sources */ = {isa = PBXBuildFile; fileRef = 28D47CEF2AA7B4B4008F3DB8 /* Home.swift */; };
		28D47CF22AA7B4E8008F3DB8 /* Menu.swift in Sources */ = {isa = PBXBuildFile; fileRef = 28D47CF12AA7B4E8008F3DB8 /* Menu.swift */; };
		28EDE8642ABB42B4000A8D24 /* ViewModel.swift in Sources */ = {isa = PBXBuildFile; fileRef = 28EDE8632ABB42B4000A8D24 /* ViewModel.swift */; };
/* End PBXBuildFile section */

/* Begin PBXFileReference section */
		281266C22AA22A1D0062170B /* littleLemon.app */ = {isa = PBXFileReference; explicitFileType = wrapper.application; includeInIndex = 0; path = littleLemon.app; sourceTree = BUILT_PRODUCTS_DIR; };
		281266C52AA22A1D0062170B /* littleLemonApp.swift */ = {isa = PBXFileReference; lastKnownFileType = sourcecode.swift; path = littleLemonApp.swift; sourceTree = "<group>"; };
		281266C72AA22A1D0062170B /* ContentView.swift */ = {isa = PBXFileReference; lastKnownFileType = sourcecode.swift; path = ContentView.swift; sourceTree = "<group>"; };
		281266C92AA22A1E0062170B /* Assets.xcassets */ = {isa = PBXFileReference; lastKnownFileType = folder.assetcatalog; path = Assets.xcassets; sourceTree = "<group>"; };
		281266CC2AA22A1E0062170B /* Preview Assets.xcassets */ = {isa = PBXFileReference; lastKnownFileType = folder.assetcatalog; path = "Preview Assets.xcassets"; sourceTree = "<group>"; };
		281266DA2AA25E5B0062170B /* Onboarding.swift */ = {isa = PBXFileReference; lastKnownFileType = sourcecode.swift; path = Onboarding.swift; sourceTree = "<group>"; };
		286889E22ABD8FE800EFE949 /* DetailView.swift */ = {isa = PBXFileReference; lastKnownFileType = sourcecode.swift; path = DetailView.swift; sourceTree = "<group>"; };
		288DE0A22ABB61EC00E46457 /* UserProfile.swift */ = {isa = PBXFileReference; lastKnownFileType = sourcecode.swift; path = UserProfile.swift; sourceTree = "<group>"; };
		288DE0A52ABB877F00E46457 /* Persistence.swift */ = {isa = PBXFileReference; fileEncoding = 4; lastKnownFileType = sourcecode.swift; path = Persistence.swift; sourceTree = "<group>"; };
		288DE0A62ABB877F00E46457 /* FetchedObjects.swift */ = {isa = PBXFileReference; fileEncoding = 4; lastKnownFileType = sourcecode.swift; path = FetchedObjects.swift; sourceTree = "<group>"; };
		288DE0AC2ABB8A4300E46457 /* MenuList.swift */ = {isa = PBXFileReference; lastKnownFileType = sourcecode.swift; path = MenuList.swift; sourceTree = "<group>"; };
		288DE0AE2ABB8A4C00E46457 /* MenuItem.swift */ = {isa = PBXFileReference; lastKnownFileType = sourcecode.swift; path = MenuItem.swift; sourceTree = "<group>"; };
		288DE0B12ABB8F8B00E46457 /* ExampleDatabase.xcdatamodel */ = {isa = PBXFileReference; lastKnownFileType = wrapper.xcdatamodel; path = ExampleDatabase.xcdatamodel; sourceTree = "<group>"; };
		289071542ABCD28000EBA72F /* Color+Extension.swift */ = {isa = PBXFileReference; lastKnownFileType = sourcecode.swift; path = "Color+Extension.swift"; sourceTree = "<group>"; };
		289071572ABCF6E200EBA72F /* DishRow.swift */ = {isa = PBXFileReference; lastKnownFileType = sourcecode.swift; path = DishRow.swift; sourceTree = "<group>"; };
		28A8E9F32ABB9D6D0058F6CF /* LLError.swift */ = {isa = PBXFileReference; lastKnownFileType = sourcecode.swift; path = LLError.swift; sourceTree = "<group>"; };
		28C5CE062ABC4750006D92D3 /* Dish+Extension.swift */ = {isa = PBXFileReference; lastKnownFileType = sourcecode.swift; path = "Dish+Extension.swift"; sourceTree = "<group>"; };
		28D47CEF2AA7B4B4008F3DB8 /* Home.swift */ = {isa = PBXFileReference; lastKnownFileType = sourcecode.swift; path = Home.swift; sourceTree = "<group>"; };
		28D47CF12AA7B4E8008F3DB8 /* Menu.swift */ = {isa = PBXFileReference; lastKnownFileType = sourcecode.swift; path = Menu.swift; sourceTree = "<group>"; };
		28EDE8632ABB42B4000A8D24 /* ViewModel.swift */ = {isa = PBXFileReference; lastKnownFileType = sourcecode.swift; path = ViewModel.swift; sourceTree = "<group>"; };
/* End PBXFileReference section */

/* Begin PBXFrameworksBuildPhase section */
		281266BF2AA22A1D0062170B /* Frameworks */ = {
			isa = PBXFrameworksBuildPhase;
			buildActionMask = 2147483647;
			files = (
			);
			runOnlyForDeploymentPostprocessing = 0;
		};
/* End PBXFrameworksBuildPhase section */

/* Begin PBXGroup section */
		281266B92AA22A1D0062170B = {
			isa = PBXGroup;
			children = (
				281266C42AA22A1D0062170B /* littleLemon */,
				281266C32AA22A1D0062170B /* Products */,
			);
			sourceTree = "<group>";
		};
		281266C32AA22A1D0062170B /* Products */ = {
			isa = PBXGroup;
			children = (
				281266C22AA22A1D0062170B /* littleLemon.app */,
			);
			name = Products;
			sourceTree = "<group>";
		};
		281266C42AA22A1D0062170B /* littleLemon */ = {
			isa = PBXGroup;
			children = (
				281266C52AA22A1D0062170B /* littleLemonApp.swift */,
				286889E42ABDAAC700EFE949 /* Utilities */,
				28C5CE052ABC4728006D92D3 /* Extensions */,
				288DE0AB2ABB8A2900E46457 /* Model */,
				288DE0A42ABB876B00E46457 /* CoreData */,
				28EDE8622ABB42A1000A8D24 /* ViewModels */,
				28D47CEE2AA7B08D008F3DB8 /* Views */,
				281266C92AA22A1E0062170B /* Assets.xcassets */,
				281266CB2AA22A1E0062170B /* Preview Content */,
			);
			path = littleLemon;
			sourceTree = "<group>";
		};
		281266CB2AA22A1E0062170B /* Preview Content */ = {
			isa = PBXGroup;
			children = (
				281266CC2AA22A1E0062170B /* Preview Assets.xcassets */,
			);
			path = "Preview Content";
			sourceTree = "<group>";
		};
		286889E42ABDAAC700EFE949 /* Utilities */ = {
			isa = PBXGroup;
			children = (
				28A8E9F32ABB9D6D0058F6CF /* LLError.swift */,
			);
			path = Utilities;
			sourceTree = "<group>";
		};
		288DE0A42ABB876B00E46457 /* CoreData */ = {
			isa = PBXGroup;
			children = (
				288DE0A62ABB877F00E46457 /* FetchedObjects.swift */,
				288DE0A52ABB877F00E46457 /* Persistence.swift */,
				288DE0B02ABB8F8B00E46457 /* ExampleDatabase.xcdatamodeld */,
			);
			path = CoreData;
			sourceTree = "<group>";
		};
		288DE0AB2ABB8A2900E46457 /* Model */ = {
			isa = PBXGroup;
			children = (
				288DE0AC2ABB8A4300E46457 /* MenuList.swift */,
				288DE0AE2ABB8A4C00E46457 /* MenuItem.swift */,
			);
			path = Model;
			sourceTree = "<group>";
		};
		28C5CE052ABC4728006D92D3 /* Extensions */ = {
			isa = PBXGroup;
			children = (
				28C5CE062ABC4750006D92D3 /* Dish+Extension.swift */,
				289071542ABCD28000EBA72F /* Color+Extension.swift */,
			);
			path = Extensions;
			sourceTree = "<group>";
		};
		28D47CEE2AA7B08D008F3DB8 /* Views */ = {
			isa = PBXGroup;
			children = (
				281266DA2AA25E5B0062170B /* Onboarding.swift */,
				28D47CEF2AA7B4B4008F3DB8 /* Home.swift */,
				28D47CF12AA7B4E8008F3DB8 /* Menu.swift */,
				281266C72AA22A1D0062170B /* ContentView.swift */,
				288DE0A22ABB61EC00E46457 /* UserProfile.swift */,
				289071572ABCF6E200EBA72F /* DishRow.swift */,
				286889E22ABD8FE800EFE949 /* DetailView.swift */,
			);
			path = Views;
			sourceTree = "<group>";
		};
		28EDE8622ABB42A1000A8D24 /* ViewModels */ = {
			isa = PBXGroup;
			children = (
				28EDE8632ABB42B4000A8D24 /* ViewModel.swift */,
			);
			path = ViewModels;
			sourceTree = "<group>";
		};
/* End PBXGroup section */

/* Begin PBXNativeTarget section */
		281266C12AA22A1D0062170B /* littleLemon */ = {
			isa = PBXNativeTarget;
			buildConfigurationList = 281266D52AA22A1E0062170B /* Build configuration list for PBXNativeTarget "littleLemon" */;
			buildPhases = (
				281266BE2AA22A1D0062170B /* Sources */,
				281266BF2AA22A1D0062170B /* Frameworks */,
				281266C02AA22A1D0062170B /* Resources */,
			);
			buildRules = (
			);
			dependencies = (
			);
			name = littleLemon;
			productName = littleLemon;
			productReference = 281266C22AA22A1D0062170B /* littleLemon.app */;
			productType = "com.apple.product-type.application";
		};
/* End PBXNativeTarget section */

/* Begin PBXProject section */
		281266BA2AA22A1D0062170B /* Project object */ = {
			isa = PBXProject;
			attributes = {
				BuildIndependentTargetsInParallel = 1;
				LastSwiftUpdateCheck = 1430;
				LastUpgradeCheck = 1430;
				TargetAttributes = {
					281266C12AA22A1D0062170B = {
						CreatedOnToolsVersion = 14.3.1;
					};
				};
			};
			buildConfigurationList = 281266BD2AA22A1D0062170B /* Build configuration list for PBXProject "littleLemon" */;
			compatibilityVersion = "Xcode 14.0";
			developmentRegion = en;
			hasScannedForEncodings = 0;
			knownRegions = (
				en,
				Base,
			);
			mainGroup = 281266B92AA22A1D0062170B;
			productRefGroup = 281266C32AA22A1D0062170B /* Products */;
			projectDirPath = "";
			projectRoot = "";
			targets = (
				281266C12AA22A1D0062170B /* littleLemon */,
			);
		};
/* End PBXProject section */

/* Begin PBXResourcesBuildPhase section */
		281266C02AA22A1D0062170B /* Resources */ = {
			isa = PBXResourcesBuildPhase;
			buildActionMask = 2147483647;
			files = (
				281266CD2AA22A1E0062170B /* Preview Assets.xcassets in Resources */,
				281266CA2AA22A1E0062170B /* Assets.xcassets in Resources */,
			);
			runOnlyForDeploymentPostprocessing = 0;
		};
/* End PBXResourcesBuildPhase section */

/* Begin PBXSourcesBuildPhase section */
		281266BE2AA22A1D0062170B /* Sources */ = {
			isa = PBXSourcesBuildPhase;
			buildActionMask = 2147483647;
			files = (
				289071552ABCD28000EBA72F /* Color+Extension.swift in Sources */,
				288DE0B22ABB8F8B00E46457 /* ExampleDatabase.xcdatamodeld in Sources */,
				28D47CF22AA7B4E8008F3DB8 /* Menu.swift in Sources */,
				281266C82AA22A1D0062170B /* ContentView.swift in Sources */,
				28A8E9F42ABB9D6D0058F6CF /* LLError.swift in Sources */,
				281266C62AA22A1D0062170B /* littleLemonApp.swift in Sources */,
				28D47CF02AA7B4B4008F3DB8 /* Home.swift in Sources */,
				288DE0AF2ABB8A4C00E46457 /* MenuItem.swift in Sources */,
				28EDE8642ABB42B4000A8D24 /* ViewModel.swift in Sources */,
				289071582ABCF6E200EBA72F /* DishRow.swift in Sources */,
				286889E32ABD8FE800EFE949 /* DetailView.swift in Sources */,
				281266DB2AA25E5B0062170B /* Onboarding.swift in Sources */,
				288DE0A32ABB61EC00E46457 /* UserProfile.swift in Sources */,
				288DE0A82ABB877F00E46457 /* FetchedObjects.swift in Sources */,
				288DE0AD2ABB8A4300E46457 /* MenuList.swift in Sources */,
				288DE0A72ABB877F00E46457 /* Persistence.swift in Sources */,
				28C5CE072ABC4750006D92D3 /* Dish+Extension.swift in Sources */,
			);
			runOnlyForDeploymentPostprocessing = 0;
		};
/* End PBXSourcesBuildPhase section */

/* Begin XCBuildConfiguration section */
		281266D32AA22A1E0062170B /* Debug */ = {
			isa = XCBuildConfiguration;
			buildSettings = {
				ALWAYS_SEARCH_USER_PATHS = NO;
				CLANG_ANALYZER_NONNULL = YES;
				CLANG_ANALYZER_NUMBER_OBJECT_CONVERSION = YES_AGGRESSIVE;
				CLANG_CXX_LANGUAGE_STANDARD = "gnu++20";
				CLANG_ENABLE_MODULES = YES;
				CLANG_ENABLE_OBJC_ARC = YES;
				CLANG_ENABLE_OBJC_WEAK = YES;
				CLANG_WARN_BLOCK_CAPTURE_AUTORELEASING = YES;
				CLANG_WARN_BOOL_CONVERSION = YES;
				CLANG_WARN_COMMA = YES;
				CLANG_WARN_CONSTANT_CONVERSION = YES;
				CLANG_WARN_DEPRECATED_OBJC_IMPLEMENTATIONS = YES;
				CLANG_WARN_DIRECT_OBJC_ISA_USAGE = YES_ERROR;
				CLANG_WARN_DOCUMENTATION_COMMENTS = YES;
				CLANG_WARN_EMPTY_BODY = YES;
				CLANG_WARN_ENUM_CONVERSION = YES;
				CLANG_WARN_INFINITE_RECURSION = YES;
				CLANG_WARN_INT_CONVERSION = YES;
				CLANG_WARN_NON_LITERAL_NULL_CONVERSION = YES;
				CLANG_WARN_OBJC_IMPLICIT_RETAIN_SELF = YES;
				CLANG_WARN_OBJC_LITERAL_CONVERSION = YES;
				CLANG_WARN_OBJC_ROOT_CLASS = YES_ERROR;
				CLANG_WARN_QUOTED_INCLUDE_IN_FRAMEWORK_HEADER = YES;
				CLANG_WARN_RANGE_LOOP_ANALYSIS = YES;
				CLANG_WARN_STRICT_PROTOTYPES = YES;
				CLANG_WARN_SUSPICIOUS_MOVE = YES;
				CLANG_WARN_UNGUARDED_AVAILABILITY = YES_AGGRESSIVE;
				CLANG_WARN_UNREACHABLE_CODE = YES;
				CLANG_WARN__DUPLICATE_METHOD_MATCH = YES;
				COPY_PHASE_STRIP = NO;
				DEBUG_INFORMATION_FORMAT = dwarf;
				ENABLE_STRICT_OBJC_MSGSEND = YES;
				ENABLE_TESTABILITY = YES;
				GCC_C_LANGUAGE_STANDARD = gnu11;
				GCC_DYNAMIC_NO_PIC = NO;
				GCC_NO_COMMON_BLOCKS = YES;
				GCC_OPTIMIZATION_LEVEL = 0;
				GCC_PREPROCESSOR_DEFINITIONS = (
					"DEBUG=1",
					"$(inherited)",
				);
				GCC_WARN_64_TO_32_BIT_CONVERSION = YES;
				GCC_WARN_ABOUT_RETURN_TYPE = YES_ERROR;
				GCC_WARN_UNDECLARED_SELECTOR = YES;
				GCC_WARN_UNINITIALIZED_AUTOS = YES_AGGRESSIVE;
				GCC_WARN_UNUSED_FUNCTION = YES;
				GCC_WARN_UNUSED_VARIABLE = YES;
				IPHONEOS_DEPLOYMENT_TARGET = 16.4;
				MTL_ENABLE_DEBUG_INFO = INCLUDE_SOURCE;
				MTL_FAST_MATH = YES;
				ONLY_ACTIVE_ARCH = YES;
				SDKROOT = iphoneos;
				SWIFT_ACTIVE_COMPILATION_CONDITIONS = DEBUG;
				SWIFT_OPTIMIZATION_LEVEL = "-Onone";
			};
			name = Debug;
		};
		281266D42AA22A1E0062170B /* Release */ = {
			isa = XCBuildConfiguration;
			buildSettings = {
				ALWAYS_SEARCH_USER_PATHS = NO;
				CLANG_ANALYZER_NONNULL = YES;
				CLANG_ANALYZER_NUMBER_OBJECT_CONVERSION = YES_AGGRESSIVE;
				CLANG_CXX_LANGUAGE_STANDARD = "gnu++20";
				CLANG_ENABLE_MODULES = YES;
				CLANG_ENABLE_OBJC_ARC = YES;
				CLANG_ENABLE_OBJC_WEAK = YES;
				CLANG_WARN_BLOCK_CAPTURE_AUTORELEASING = YES;
				CLANG_WARN_BOOL_CONVERSION = YES;
				CLANG_WARN_COMMA = YES;
				CLANG_WARN_CONSTANT_CONVERSION = YES;
				CLANG_WARN_DEPRECATED_OBJC_IMPLEMENTATIONS = YES;
				CLANG_WARN_DIRECT_OBJC_ISA_USAGE = YES_ERROR;
				CLANG_WARN_DOCUMENTATION_COMMENTS = YES;
				CLANG_WARN_EMPTY_BODY = YES;
				CLANG_WARN_ENUM_CONVERSION = YES;
				CLANG_WARN_INFINITE_RECURSION = YES;
				CLANG_WARN_INT_CONVERSION = YES;
				CLANG_WARN_NON_LITERAL_NULL_CONVERSION = YES;
				CLANG_WARN_OBJC_IMPLICIT_RETAIN_SELF = YES;
				CLANG_WARN_OBJC_LITERAL_CONVERSION = YES;
				CLANG_WARN_OBJC_ROOT_CLASS = YES_ERROR;
				CLANG_WARN_QUOTED_INCLUDE_IN_FRAMEWORK_HEADER = YES;
				CLANG_WARN_RANGE_LOOP_ANALYSIS = YES;
				CLANG_WARN_STRICT_PROTOTYPES = YES;
				CLANG_WARN_SUSPICIOUS_MOVE = YES;
				CLANG_WARN_UNGUARDED_AVAILABILITY = YES_AGGRESSIVE;
				CLANG_WARN_UNREACHABLE_CODE = YES;
				CLANG_WARN__DUPLICATE_METHOD_MATCH = YES;
				COPY_PHASE_STRIP = NO;
				DEBUG_INFORMATION_FORMAT = "dwarf-with-dsym";
				ENABLE_NS_ASSERTIONS = NO;
				ENABLE_STRICT_OBJC_MSGSEND = YES;
				GCC_C_LANGUAGE_STANDARD = gnu11;
				GCC_NO_COMMON_BLOCKS = YES;
				GCC_WARN_64_TO_32_BIT_CONVERSION = YES;
				GCC_WARN_ABOUT_RETURN_TYPE = YES_ERROR;
				GCC_WARN_UNDECLARED_SELECTOR = YES;
				GCC_WARN_UNINITIALIZED_AUTOS = YES_AGGRESSIVE;
				GCC_WARN_UNUSED_FUNCTION = YES;
				GCC_WARN_UNUSED_VARIABLE = YES;
				IPHONEOS_DEPLOYMENT_TARGET = 16.4;
				MTL_ENABLE_DEBUG_INFO = NO;
				MTL_FAST_MATH = YES;
				SDKROOT = iphoneos;
				SWIFT_COMPILATION_MODE = wholemodule;
				SWIFT_OPTIMIZATION_LEVEL = "-O";
				VALIDATE_PRODUCT = YES;
			};
			name = Release;
		};
		281266D62AA22A1E0062170B /* Debug */ = {
			isa = XCBuildConfiguration;
			buildSettings = {
				ASSETCATALOG_COMPILER_APPICON_NAME = AppIcon;
				ASSETCATALOG_COMPILER_GLOBAL_ACCENT_COLOR_NAME = AccentColor;
				CODE_SIGN_STYLE = Automatic;
				CURRENT_PROJECT_VERSION = 1;
				DEVELOPMENT_ASSET_PATHS = "\"littleLemon/Preview Content\"";
				DEVELOPMENT_TEAM = 4DJRKPZ347;
				ENABLE_PREVIEWS = YES;
				GENERATE_INFOPLIST_FILE = YES;
				INFOPLIST_KEY_UIApplicationSceneManifest_Generation = YES;
				INFOPLIST_KEY_UIApplicationSupportsIndirectInputEvents = YES;
				INFOPLIST_KEY_UILaunchScreen_Generation = YES;
				INFOPLIST_KEY_UISupportedInterfaceOrientations_iPad = "UIInterfaceOrientationPortrait UIInterfaceOrientationPortraitUpsideDown UIInterfaceOrientationLandscapeLeft UIInterfaceOrientationLandscapeRight";
				INFOPLIST_KEY_UISupportedInterfaceOrientations_iPhone = "UIInterfaceOrientationPortrait UIInterfaceOrientationLandscapeLeft UIInterfaceOrientationLandscapeRight";
				IPHONEOS_DEPLOYMENT_TARGET = 15.6;
				LD_RUNPATH_SEARCH_PATHS = (
					"$(inherited)",
					"@executable_path/Frameworks",
				);
				MARKETING_VERSION = 1.0;
				PRODUCT_BUNDLE_IDENTIFIER = com.gmail.sashasolo23.littleLemon;
				PRODUCT_NAME = "$(TARGET_NAME)";
				SWIFT_EMIT_LOC_STRINGS = YES;
				SWIFT_VERSION = 5.0;
				TARGETED_DEVICE_FAMILY = "1,2";
			};
			name = Debug;
		};
		281266D72AA22A1E0062170B /* Release */ = {
			isa = XCBuildConfiguration;
			buildSettings = {
				ASSETCATALOG_COMPILER_APPICON_NAME = AppIcon;
				ASSETCATALOG_COMPILER_GLOBAL_ACCENT_COLOR_NAME = AccentColor;
				CODE_SIGN_STYLE = Automatic;
				CURRENT_PROJECT_VERSION = 1;
				DEVELOPMENT_ASSET_PATHS = "\"littleLemon/Preview Content\"";
				DEVELOPMENT_TEAM = 4DJRKPZ347;
				ENABLE_PREVIEWS = YES;
				GENERATE_INFOPLIST_FILE = YES;
				INFOPLIST_KEY_UIApplicationSceneManifest_Generation = YES;
				INFOPLIST_KEY_UIApplicationSupportsIndirectInputEvents = YES;
				INFOPLIST_KEY_UILaunchScreen_Generation = YES;
				INFOPLIST_KEY_UISupportedInterfaceOrientations_iPad = "UIInterfaceOrientationPortrait UIInterfaceOrientationPortraitUpsideDown UIInterfaceOrientationLandscapeLeft UIInterfaceOrientationLandscapeRight";
				INFOPLIST_KEY_UISupportedInterfaceOrientations_iPhone = "UIInterfaceOrientationPortrait UIInterfaceOrientationLandscapeLeft UIInterfaceOrientationLandscapeRight";
				IPHONEOS_DEPLOYMENT_TARGET = 15.6;
				LD_RUNPATH_SEARCH_PATHS = (
					"$(inherited)",
					"@executable_path/Frameworks",
				);
				MARKETING_VERSION = 1.0;
				PRODUCT_BUNDLE_IDENTIFIER = com.gmail.sashasolo23.littleLemon;
				PRODUCT_NAME = "$(TARGET_NAME)";
				SWIFT_EMIT_LOC_STRINGS = YES;
				SWIFT_VERSION = 5.0;
				TARGETED_DEVICE_FAMILY = "1,2";
			};
			name = Release;
		};
/* End XCBuildConfiguration section */

/* Begin XCConfigurationList section */
		281266BD2AA22A1D0062170B /* Build configuration list for PBXProject "littleLemon" */ = {
			isa = XCConfigurationList;
			buildConfigurations = (
				281266D32AA22A1E0062170B /* Debug */,
				281266D42AA22A1E0062170B /* Release */,
			);
			defaultConfigurationIsVisible = 0;
			defaultConfigurationName = Release;
		};
		281266D52AA22A1E0062170B /* Build configuration list for PBXNativeTarget "littleLemon" */ = {
			isa = XCConfigurationList;
			buildConfigurations = (
				281266D62AA22A1E0062170B /* Debug */,
				281266D72AA22A1E0062170B /* Release */,
			);
			defaultConfigurationIsVisible = 0;
			defaultConfigurationName = Release;
		};
/* End XCConfigurationList section */

/* Begin XCVersionGroup section */
		288DE0B02ABB8F8B00E46457 /* ExampleDatabase.xcdatamodeld */ = {
			isa = XCVersionGroup;
			children = (
				288DE0B12ABB8F8B00E46457 /* ExampleDatabase.xcdatamodel */,
			);
			currentVersion = 288DE0B12ABB8F8B00E46457 /* ExampleDatabase.xcdatamodel */;
			path = ExampleDatabase.xcdatamodeld;
			sourceTree = "<group>";
			versionGroupType = wrapper.xcdatamodel;
		};
/* End XCVersionGroup section */
	};
	rootObject = 281266BA2AA22A1D0062170B /* Project object */;
}
